// !$*UTF8*$!
{
	archiveVersion = 1;
	classes = {
	};
	objectVersion = 55;
	objects = {

/* Begin PBXBuildFile section */
		F518676C28BB0370008C3D2F /* NavigationView.swift in Sources */ = {isa = PBXBuildFile; fileRef = F518676B28BB0370008C3D2F /* NavigationView.swift */; };
		F518676D28BB0370008C3D2F /* NavigationView.swift in Sources */ = {isa = PBXBuildFile; fileRef = F518676B28BB0370008C3D2F /* NavigationView.swift */; };
		F518677028BB17CB008C3D2F /* ControlView.swift in Sources */ = {isa = PBXBuildFile; fileRef = F518676F28BB17CB008C3D2F /* ControlView.swift */; };
		F518677128BB17CB008C3D2F /* ControlView.swift in Sources */ = {isa = PBXBuildFile; fileRef = F518676F28BB17CB008C3D2F /* ControlView.swift */; };
		F523AD2728B8C0F700054E1E /* HelloView.swift in Sources */ = {isa = PBXBuildFile; fileRef = F523AD2628B8C0F700054E1E /* HelloView.swift */; };
		F523AD2828B8C0F700054E1E /* HelloView.swift in Sources */ = {isa = PBXBuildFile; fileRef = F523AD2628B8C0F700054E1E /* HelloView.swift */; };
		F52B193228B876B800887617 /* OrcaApp.swift in Sources */ = {isa = PBXBuildFile; fileRef = F52B192228B876B800887617 /* OrcaApp.swift */; };
		F52B193328B876B800887617 /* OrcaApp.swift in Sources */ = {isa = PBXBuildFile; fileRef = F52B192228B876B800887617 /* OrcaApp.swift */; };
		F52B193428B876B800887617 /* ContentView.swift in Sources */ = {isa = PBXBuildFile; fileRef = F52B192328B876B800887617 /* ContentView.swift */; };
		F52B193528B876B800887617 /* ContentView.swift in Sources */ = {isa = PBXBuildFile; fileRef = F52B192328B876B800887617 /* ContentView.swift */; };
		F52B193628B876B800887617 /* Assets.xcassets in Resources */ = {isa = PBXBuildFile; fileRef = F52B192428B876B800887617 /* Assets.xcassets */; };
		F52B193728B876B800887617 /* Assets.xcassets in Resources */ = {isa = PBXBuildFile; fileRef = F52B192428B876B800887617 /* Assets.xcassets */; };
		F52B194128B8794000887617 /* StoneView.swift in Sources */ = {isa = PBXBuildFile; fileRef = F52B194028B8794000887617 /* StoneView.swift */; };
		F52B194228B8794000887617 /* StoneView.swift in Sources */ = {isa = PBXBuildFile; fileRef = F52B194028B8794000887617 /* StoneView.swift */; };
		F52E99FA28BC656C007B707E /* BoardView.swift in Sources */ = {isa = PBXBuildFile; fileRef = F52E99F928BC656C007B707E /* BoardView.swift */; };
		F52E99FB28BC656C007B707E /* BoardView.swift in Sources */ = {isa = PBXBuildFile; fileRef = F52E99F928BC656C007B707E /* BoardView.swift */; };
		F52E99FD28BC9D0F007B707E /* ClickView.swift in Sources */ = {isa = PBXBuildFile; fileRef = F52E99FC28BC9D0F007B707E /* ClickView.swift */; };
		F52E99FE28BC9D0F007B707E /* ClickView.swift in Sources */ = {isa = PBXBuildFile; fileRef = F52E99FC28BC9D0F007B707E /* ClickView.swift */; };
		F5C55CE328B9F2290099413E /* README.md in Resources */ = {isa = PBXBuildFile; fileRef = F5C55CE228B9F2290099413E /* README.md */; };
		F5C55CE528B9F8CB0099413E /* Match.swift in Sources */ = {isa = PBXBuildFile; fileRef = F5C55CE428B9F8CB0099413E /* Match.swift */; };
		F5C55CE628B9F8CB0099413E /* Match.swift in Sources */ = {isa = PBXBuildFile; fileRef = F5C55CE428B9F8CB0099413E /* Match.swift */; };
		F5C55CE928BA07A90099413E /* Orca.swift in Sources */ = {isa = PBXBuildFile; fileRef = F5C55CE828BA07A90099413E /* Orca.swift */; };
		F5C55CEA28BA07A90099413E /* Orca.swift in Sources */ = {isa = PBXBuildFile; fileRef = F5C55CE828BA07A90099413E /* Orca.swift */; };
		F5C55CEC28BA0F910099413E /* GridsView.swift in Sources */ = {isa = PBXBuildFile; fileRef = F5C55CEB28BA0F910099413E /* GridsView.swift */; };
		F5C55CED28BA0F910099413E /* GridsView.swift in Sources */ = {isa = PBXBuildFile; fileRef = F5C55CEB28BA0F910099413E /* GridsView.swift */; };
/* End PBXBuildFile section */

/* Begin PBXFileReference section */
		F518676B28BB0370008C3D2F /* NavigationView.swift */ = {isa = PBXFileReference; lastKnownFileType = sourcecode.swift; path = NavigationView.swift; sourceTree = "<group>"; };
		F518676F28BB17CB008C3D2F /* ControlView.swift */ = {isa = PBXFileReference; lastKnownFileType = sourcecode.swift; path = ControlView.swift; sourceTree = "<group>"; };
		F523AD2628B8C0F700054E1E /* HelloView.swift */ = {isa = PBXFileReference; lastKnownFileType = sourcecode.swift; path = HelloView.swift; sourceTree = "<group>"; };
		F52B192228B876B800887617 /* OrcaApp.swift */ = {isa = PBXFileReference; lastKnownFileType = sourcecode.swift; path = OrcaApp.swift; sourceTree = "<group>"; };
		F52B192328B876B800887617 /* ContentView.swift */ = {isa = PBXFileReference; lastKnownFileType = sourcecode.swift; path = ContentView.swift; sourceTree = "<group>"; };
		F52B192428B876B800887617 /* Assets.xcassets */ = {isa = PBXFileReference; lastKnownFileType = folder.assetcatalog; path = Assets.xcassets; sourceTree = "<group>"; };
		F52B192928B876B800887617 /* Orca.app */ = {isa = PBXFileReference; explicitFileType = wrapper.application; includeInIndex = 0; path = Orca.app; sourceTree = BUILT_PRODUCTS_DIR; };
		F52B192F28B876B800887617 /* Orca.app */ = {isa = PBXFileReference; explicitFileType = wrapper.application; includeInIndex = 0; path = Orca.app; sourceTree = BUILT_PRODUCTS_DIR; };
		F52B193128B876B800887617 /* macOS.entitlements */ = {isa = PBXFileReference; lastKnownFileType = text.plist.entitlements; path = macOS.entitlements; sourceTree = "<group>"; };
		F52B194028B8794000887617 /* StoneView.swift */ = {isa = PBXFileReference; lastKnownFileType = sourcecode.swift; path = StoneView.swift; sourceTree = "<group>"; };
		F52E99F928BC656C007B707E /* BoardView.swift */ = {isa = PBXFileReference; lastKnownFileType = sourcecode.swift; path = BoardView.swift; sourceTree = "<group>"; };
		F52E99FC28BC9D0F007B707E /* ClickView.swift */ = {isa = PBXFileReference; lastKnownFileType = sourcecode.swift; path = ClickView.swift; sourceTree = "<group>"; };
		F5C55CE228B9F2290099413E /* README.md */ = {isa = PBXFileReference; fileEncoding = 4; lastKnownFileType = net.daringfireball.markdown; path = README.md; sourceTree = "<group>"; };
		F5C55CE428B9F8CB0099413E /* Match.swift */ = {isa = PBXFileReference; lastKnownFileType = sourcecode.swift; path = Match.swift; sourceTree = "<group>"; };
		F5C55CE828BA07A90099413E /* Orca.swift */ = {isa = PBXFileReference; lastKnownFileType = sourcecode.swift; path = Orca.swift; sourceTree = "<group>"; };
		F5C55CEB28BA0F910099413E /* GridsView.swift */ = {isa = PBXFileReference; lastKnownFileType = sourcecode.swift; path = GridsView.swift; sourceTree = "<group>"; };
/* End PBXFileReference section */

/* Begin PBXFrameworksBuildPhase section */
		F52B192628B876B800887617 /* Frameworks */ = {
			isa = PBXFrameworksBuildPhase;
			buildActionMask = 2147483647;
			files = (
			);
			runOnlyForDeploymentPostprocessing = 0;
		};
		F52B192C28B876B800887617 /* Frameworks */ = {
			isa = PBXFrameworksBuildPhase;
			buildActionMask = 2147483647;
			files = (
			);
			runOnlyForDeploymentPostprocessing = 0;
		};
/* End PBXFrameworksBuildPhase section */

/* Begin PBXGroup section */
		F518676E28BB16F2008C3D2F /* Bars */ = {
			isa = PBXGroup;
			children = (
				F518676B28BB0370008C3D2F /* NavigationView.swift */,
				F518676F28BB17CB008C3D2F /* ControlView.swift */,
			);
			path = Bars;
			sourceTree = "<group>";
		};
		F52B191C28B876B800887617 = {
			isa = PBXGroup;
			children = (
				F5C55CE228B9F2290099413E /* README.md */,
				F52B192128B876B800887617 /* Shared */,
				F52B193028B876B800887617 /* macOS */,
				F52B192A28B876B800887617 /* Products */,
			);
			sourceTree = "<group>";
		};
		F52B192128B876B800887617 /* Shared */ = {
			isa = PBXGroup;
			children = (
				F518676E28BB16F2008C3D2F /* Bars */,
				F5C55CE728B9F9270099413E /* Models */,
				F52B192228B876B800887617 /* OrcaApp.swift */,
				F52B192328B876B800887617 /* ContentView.swift */,
				F52E99F928BC656C007B707E /* BoardView.swift */,
				F52E99FC28BC9D0F007B707E /* ClickView.swift */,
				F5C55CEB28BA0F910099413E /* GridsView.swift */,
				F52B194028B8794000887617 /* StoneView.swift */,
				F523AD2628B8C0F700054E1E /* HelloView.swift */,
				F52B192428B876B800887617 /* Assets.xcassets */,
			);
			path = Shared;
			sourceTree = "<group>";
		};
		F52B192A28B876B800887617 /* Products */ = {
			isa = PBXGroup;
			children = (
				F52B192928B876B800887617 /* Orca.app */,
				F52B192F28B876B800887617 /* Orca.app */,
			);
			name = Products;
			sourceTree = "<group>";
		};
		F52B193028B876B800887617 /* macOS */ = {
			isa = PBXGroup;
			children = (
				F52B193128B876B800887617 /* macOS.entitlements */,
			);
			path = macOS;
			sourceTree = "<group>";
		};
		F5C55CE728B9F9270099413E /* Models */ = {
			isa = PBXGroup;
			children = (
				F5C55CE428B9F8CB0099413E /* Match.swift */,
				F5C55CE828BA07A90099413E /* Orca.swift */,
			);
			path = Models;
			sourceTree = "<group>";
		};
/* End PBXGroup section */

/* Begin PBXNativeTarget section */
		F52B192828B876B800887617 /* Orca (iOS) */ = {
			isa = PBXNativeTarget;
			buildConfigurationList = F52B193A28B876B800887617 /* Build configuration list for PBXNativeTarget "Orca (iOS)" */;
			buildPhases = (
				F52B192528B876B800887617 /* Sources */,
				F52B192628B876B800887617 /* Frameworks */,
				F52B192728B876B800887617 /* Resources */,
			);
			buildRules = (
			);
			dependencies = (
			);
			name = "Orca (iOS)";
			productName = "Orca (iOS)";
			productReference = F52B192928B876B800887617 /* Orca.app */;
			productType = "com.apple.product-type.application";
		};
		F52B192E28B876B800887617 /* Orca (macOS) */ = {
			isa = PBXNativeTarget;
			buildConfigurationList = F52B193D28B876B800887617 /* Build configuration list for PBXNativeTarget "Orca (macOS)" */;
			buildPhases = (
				F52B192B28B876B800887617 /* Sources */,
				F52B192C28B876B800887617 /* Frameworks */,
				F52B192D28B876B800887617 /* Resources */,
			);
			buildRules = (
			);
			dependencies = (
			);
			name = "Orca (macOS)";
			productName = "Orca (macOS)";
			productReference = F52B192F28B876B800887617 /* Orca.app */;
			productType = "com.apple.product-type.application";
		};
/* End PBXNativeTarget section */

/* Begin PBXProject section */
		F52B191D28B876B800887617 /* Project object */ = {
			isa = PBXProject;
			attributes = {
				BuildIndependentTargetsInParallel = 1;
				LastSwiftUpdateCheck = 1340;
				LastUpgradeCheck = 1340;
				TargetAttributes = {
					F52B192828B876B800887617 = {
						CreatedOnToolsVersion = 13.4.1;
					};
					F52B192E28B876B800887617 = {
						CreatedOnToolsVersion = 13.4.1;
					};
				};
			};
			buildConfigurationList = F52B192028B876B800887617 /* Build configuration list for PBXProject "Orca" */;
			compatibilityVersion = "Xcode 13.0";
			developmentRegion = en;
			hasScannedForEncodings = 0;
			knownRegions = (
				en,
				Base,
			);
			mainGroup = F52B191C28B876B800887617;
			productRefGroup = F52B192A28B876B800887617 /* Products */;
			projectDirPath = "";
			projectRoot = "";
			targets = (
				F52B192828B876B800887617 /* Orca (iOS) */,
				F52B192E28B876B800887617 /* Orca (macOS) */,
			);
		};
/* End PBXProject section */

/* Begin PBXResourcesBuildPhase section */
		F52B192728B876B800887617 /* Resources */ = {
			isa = PBXResourcesBuildPhase;
			buildActionMask = 2147483647;
			files = (
				F5C55CE328B9F2290099413E /* README.md in Resources */,
				F52B193628B876B800887617 /* Assets.xcassets in Resources */,
			);
			runOnlyForDeploymentPostprocessing = 0;
		};
		F52B192D28B876B800887617 /* Resources */ = {
			isa = PBXResourcesBuildPhase;
			buildActionMask = 2147483647;
			files = (
				F52B193728B876B800887617 /* Assets.xcassets in Resources */,
			);
			runOnlyForDeploymentPostprocessing = 0;
		};
/* End PBXResourcesBuildPhase section */

/* Begin PBXSourcesBuildPhase section */
		F52B192528B876B800887617 /* Sources */ = {
			isa = PBXSourcesBuildPhase;
			buildActionMask = 2147483647;
			files = (
				F52B194128B8794000887617 /* StoneView.swift in Sources */,
				F52E99FD28BC9D0F007B707E /* ClickView.swift in Sources */,
				F523AD2728B8C0F700054E1E /* HelloView.swift in Sources */,
				F518676C28BB0370008C3D2F /* NavigationView.swift in Sources */,
				F5C55CE928BA07A90099413E /* Orca.swift in Sources */,
				F52B193428B876B800887617 /* ContentView.swift in Sources */,
				F5C55CE528B9F8CB0099413E /* Match.swift in Sources */,
				F5C55CEC28BA0F910099413E /* GridsView.swift in Sources */,
				F518677028BB17CB008C3D2F /* ControlView.swift in Sources */,
				F52E99FA28BC656C007B707E /* BoardView.swift in Sources */,
				F52B193228B876B800887617 /* OrcaApp.swift in Sources */,
			);
			runOnlyForDeploymentPostprocessing = 0;
		};
		F52B192B28B876B800887617 /* Sources */ = {
			isa = PBXSourcesBuildPhase;
			buildActionMask = 2147483647;
			files = (
				F52B194228B8794000887617 /* StoneView.swift in Sources */,
				F52E99FE28BC9D0F007B707E /* ClickView.swift in Sources */,
				F523AD2828B8C0F700054E1E /* HelloView.swift in Sources */,
				F518676D28BB0370008C3D2F /* NavigationView.swift in Sources */,
				F5C55CEA28BA07A90099413E /* Orca.swift in Sources */,
				F52B193528B876B800887617 /* ContentView.swift in Sources */,
				F5C55CE628B9F8CB0099413E /* Match.swift in Sources */,
				F5C55CED28BA0F910099413E /* GridsView.swift in Sources */,
				F518677128BB17CB008C3D2F /* ControlView.swift in Sources */,
				F52E99FB28BC656C007B707E /* BoardView.swift in Sources */,
				F52B193328B876B800887617 /* OrcaApp.swift in Sources */,
			);
			runOnlyForDeploymentPostprocessing = 0;
		};
/* End PBXSourcesBuildPhase section */

/* Begin XCBuildConfiguration section */
		F52B193828B876B800887617 /* Debug */ = {
			isa = XCBuildConfiguration;
			buildSettings = {
				ALWAYS_SEARCH_USER_PATHS = NO;
				CLANG_ANALYZER_NONNULL = YES;
				CLANG_ANALYZER_NUMBER_OBJECT_CONVERSION = YES_AGGRESSIVE;
				CLANG_CXX_LANGUAGE_STANDARD = "gnu++17";
				CLANG_ENABLE_MODULES = YES;
				CLANG_ENABLE_OBJC_ARC = YES;
				CLANG_ENABLE_OBJC_WEAK = YES;
				CLANG_WARN_BLOCK_CAPTURE_AUTORELEASING = YES;
				CLANG_WARN_BOOL_CONVERSION = YES;
				CLANG_WARN_COMMA = YES;
				CLANG_WARN_CONSTANT_CONVERSION = YES;
				CLANG_WARN_DEPRECATED_OBJC_IMPLEMENTATIONS = YES;
				CLANG_WARN_DIRECT_OBJC_ISA_USAGE = YES_ERROR;
				CLANG_WARN_DOCUMENTATION_COMMENTS = YES;
				CLANG_WARN_EMPTY_BODY = YES;
				CLANG_WARN_ENUM_CONVERSION = YES;
				CLANG_WARN_INFINITE_RECURSION = YES;
				CLANG_WARN_INT_CONVERSION = YES;
				CLANG_WARN_NON_LITERAL_NULL_CONVERSION = YES;
				CLANG_WARN_OBJC_IMPLICIT_RETAIN_SELF = YES;
				CLANG_WARN_OBJC_LITERAL_CONVERSION = YES;
				CLANG_WARN_OBJC_ROOT_CLASS = YES_ERROR;
				CLANG_WARN_QUOTED_INCLUDE_IN_FRAMEWORK_HEADER = YES;
				CLANG_WARN_RANGE_LOOP_ANALYSIS = YES;
				CLANG_WARN_STRICT_PROTOTYPES = YES;
				CLANG_WARN_SUSPICIOUS_MOVE = YES;
				CLANG_WARN_UNGUARDED_AVAILABILITY = YES_AGGRESSIVE;
				CLANG_WARN_UNREACHABLE_CODE = YES;
				CLANG_WARN__DUPLICATE_METHOD_MATCH = YES;
				COPY_PHASE_STRIP = NO;
				DEBUG_INFORMATION_FORMAT = dwarf;
				ENABLE_STRICT_OBJC_MSGSEND = YES;
				ENABLE_TESTABILITY = YES;
				GCC_C_LANGUAGE_STANDARD = gnu11;
				GCC_DYNAMIC_NO_PIC = NO;
				GCC_NO_COMMON_BLOCKS = YES;
				GCC_OPTIMIZATION_LEVEL = 0;
				GCC_PREPROCESSOR_DEFINITIONS = (
					"DEBUG=1",
					"$(inherited)",
				);
				GCC_WARN_64_TO_32_BIT_CONVERSION = YES;
				GCC_WARN_ABOUT_RETURN_TYPE = YES_ERROR;
				GCC_WARN_UNDECLARED_SELECTOR = YES;
				GCC_WARN_UNINITIALIZED_AUTOS = YES_AGGRESSIVE;
				GCC_WARN_UNUSED_FUNCTION = YES;
				GCC_WARN_UNUSED_VARIABLE = YES;
				MTL_ENABLE_DEBUG_INFO = INCLUDE_SOURCE;
				MTL_FAST_MATH = YES;
				ONLY_ACTIVE_ARCH = YES;
				SWIFT_ACTIVE_COMPILATION_CONDITIONS = DEBUG;
				SWIFT_OPTIMIZATION_LEVEL = "-Onone";
			};
			name = Debug;
		};
		F52B193928B876B800887617 /* Release */ = {
			isa = XCBuildConfiguration;
			buildSettings = {
				ALWAYS_SEARCH_USER_PATHS = NO;
				CLANG_ANALYZER_NONNULL = YES;
				CLANG_ANALYZER_NUMBER_OBJECT_CONVERSION = YES_AGGRESSIVE;
				CLANG_CXX_LANGUAGE_STANDARD = "gnu++17";
				CLANG_ENABLE_MODULES = YES;
				CLANG_ENABLE_OBJC_ARC = YES;
				CLANG_ENABLE_OBJC_WEAK = YES;
				CLANG_WARN_BLOCK_CAPTURE_AUTORELEASING = YES;
				CLANG_WARN_BOOL_CONVERSION = YES;
				CLANG_WARN_COMMA = YES;
				CLANG_WARN_CONSTANT_CONVERSION = YES;
				CLANG_WARN_DEPRECATED_OBJC_IMPLEMENTATIONS = YES;
				CLANG_WARN_DIRECT_OBJC_ISA_USAGE = YES_ERROR;
				CLANG_WARN_DOCUMENTATION_COMMENTS = YES;
				CLANG_WARN_EMPTY_BODY = YES;
				CLANG_WARN_ENUM_CONVERSION = YES;
				CLANG_WARN_INFINITE_RECURSION = YES;
				CLANG_WARN_INT_CONVERSION = YES;
				CLANG_WARN_NON_LITERAL_NULL_CONVERSION = YES;
				CLANG_WARN_OBJC_IMPLICIT_RETAIN_SELF = YES;
				CLANG_WARN_OBJC_LITERAL_CONVERSION = YES;
				CLANG_WARN_OBJC_ROOT_CLASS = YES_ERROR;
				CLANG_WARN_QUOTED_INCLUDE_IN_FRAMEWORK_HEADER = YES;
				CLANG_WARN_RANGE_LOOP_ANALYSIS = YES;
				CLANG_WARN_STRICT_PROTOTYPES = YES;
				CLANG_WARN_SUSPICIOUS_MOVE = YES;
				CLANG_WARN_UNGUARDED_AVAILABILITY = YES_AGGRESSIVE;
				CLANG_WARN_UNREACHABLE_CODE = YES;
				CLANG_WARN__DUPLICATE_METHOD_MATCH = YES;
				COPY_PHASE_STRIP = NO;
				DEBUG_INFORMATION_FORMAT = "dwarf-with-dsym";
				ENABLE_NS_ASSERTIONS = NO;
				ENABLE_STRICT_OBJC_MSGSEND = YES;
				GCC_C_LANGUAGE_STANDARD = gnu11;
				GCC_NO_COMMON_BLOCKS = YES;
				GCC_WARN_64_TO_32_BIT_CONVERSION = YES;
				GCC_WARN_ABOUT_RETURN_TYPE = YES_ERROR;
				GCC_WARN_UNDECLARED_SELECTOR = YES;
				GCC_WARN_UNINITIALIZED_AUTOS = YES_AGGRESSIVE;
				GCC_WARN_UNUSED_FUNCTION = YES;
				GCC_WARN_UNUSED_VARIABLE = YES;
				MTL_ENABLE_DEBUG_INFO = NO;
				MTL_FAST_MATH = YES;
				SWIFT_COMPILATION_MODE = wholemodule;
				SWIFT_OPTIMIZATION_LEVEL = "-O";
			};
			name = Release;
		};
		F52B193B28B876B800887617 /* Debug */ = {
			isa = XCBuildConfiguration;
			buildSettings = {
				ASSETCATALOG_COMPILER_APPICON_NAME = AppIcon;
				ASSETCATALOG_COMPILER_GLOBAL_ACCENT_COLOR_NAME = AccentColor;
				CODE_SIGN_STYLE = Automatic;
				CURRENT_PROJECT_VERSION = 1;
				DEVELOPMENT_TEAM = 58479H4BXP;
				ENABLE_PREVIEWS = YES;
				GENERATE_INFOPLIST_FILE = YES;
				INFOPLIST_KEY_UIApplicationSceneManifest_Generation = YES;
				INFOPLIST_KEY_UIApplicationSupportsIndirectInputEvents = YES;
				INFOPLIST_KEY_UILaunchScreen_Generation = YES;
				INFOPLIST_KEY_UISupportedInterfaceOrientations_iPad = "UIInterfaceOrientationPortrait UIInterfaceOrientationPortraitUpsideDown UIInterfaceOrientationLandscapeLeft UIInterfaceOrientationLandscapeRight";
				INFOPLIST_KEY_UISupportedInterfaceOrientations_iPhone = "UIInterfaceOrientationPortrait UIInterfaceOrientationLandscapeLeft UIInterfaceOrientationLandscapeRight";
				IPHONEOS_DEPLOYMENT_TARGET = 15.5;
				LD_RUNPATH_SEARCH_PATHS = (
					"$(inherited)",
					"@executable_path/Frameworks",
				);
				MARKETING_VERSION = 1.0;
				PRODUCT_BUNDLE_IDENTIFIER = com.horaceho.Orca;
				PRODUCT_NAME = Orca;
				SDKROOT = iphoneos;
				SWIFT_EMIT_LOC_STRINGS = YES;
				SWIFT_VERSION = 5.0;
				TARGETED_DEVICE_FAMILY = "1,2";
			};
			name = Debug;
		};
		F52B193C28B876B800887617 /* Release */ = {
			isa = XCBuildConfiguration;
			buildSettings = {
				ASSETCATALOG_COMPILER_APPICON_NAME = AppIcon;
				ASSETCATALOG_COMPILER_GLOBAL_ACCENT_COLOR_NAME = AccentColor;
				CODE_SIGN_STYLE = Automatic;
				CURRENT_PROJECT_VERSION = 1;
				DEVELOPMENT_TEAM = 58479H4BXP;
				ENABLE_PREVIEWS = YES;
				GENERATE_INFOPLIST_FILE = YES;
				INFOPLIST_KEY_UIApplicationSceneManifest_Generation = YES;
				INFOPLIST_KEY_UIApplicationSupportsIndirectInputEvents = YES;
				INFOPLIST_KEY_UILaunchScreen_Generation = YES;
				INFOPLIST_KEY_UISupportedInterfaceOrientations_iPad = "UIInterfaceOrientationPortrait UIInterfaceOrientationPortraitUpsideDown UIInterfaceOrientationLandscapeLeft UIInterfaceOrientationLandscapeRight";
				INFOPLIST_KEY_UISupportedInterfaceOrientations_iPhone = "UIInterfaceOrientationPortrait UIInterfaceOrientationLandscapeLeft UIInterfaceOrientationLandscapeRight";
				IPHONEOS_DEPLOYMENT_TARGET = 15.5;
				LD_RUNPATH_SEARCH_PATHS = (
					"$(inherited)",
					"@executable_path/Frameworks",
				);
				MARKETING_VERSION = 1.0;
				PRODUCT_BUNDLE_IDENTIFIER = com.horaceho.Orca;
				PRODUCT_NAME = Orca;
				SDKROOT = iphoneos;
				SWIFT_EMIT_LOC_STRINGS = YES;
				SWIFT_VERSION = 5.0;
				TARGETED_DEVICE_FAMILY = "1,2";
				VALIDATE_PRODUCT = YES;
			};
			name = Release;
		};
		F52B193E28B876B800887617 /* Debug */ = {
			isa = XCBuildConfiguration;
			buildSettings = {
				ASSETCATALOG_COMPILER_APPICON_NAME = AppIcon;
				ASSETCATALOG_COMPILER_GLOBAL_ACCENT_COLOR_NAME = AccentColor;
				CODE_SIGN_ENTITLEMENTS = macOS/macOS.entitlements;
				CODE_SIGN_STYLE = Automatic;
				COMBINE_HIDPI_IMAGES = YES;
				CURRENT_PROJECT_VERSION = 1;
				DEVELOPMENT_TEAM = 58479H4BXP;
				ENABLE_HARDENED_RUNTIME = YES;
				ENABLE_PREVIEWS = YES;
				GENERATE_INFOPLIST_FILE = YES;
				INFOPLIST_KEY_NSHumanReadableCopyright = "";
				LD_RUNPATH_SEARCH_PATHS = (
					"$(inherited)",
					"@executable_path/../Frameworks",
				);
				MACOSX_DEPLOYMENT_TARGET = 12.3;
				MARKETING_VERSION = 1.0;
				PRODUCT_BUNDLE_IDENTIFIER = com.horaceho.Orca;
				PRODUCT_NAME = Orca;
				SDKROOT = macosx;
				SWIFT_EMIT_LOC_STRINGS = YES;
				SWIFT_VERSION = 5.0;
			};
			name = Debug;
		};
		F52B193F28B876B800887617 /* Release */ = {
			isa = XCBuildConfiguration;
			buildSettings = {
				ASSETCATALOG_COMPILER_APPICON_NAME = AppIcon;
				ASSETCATALOG_COMPILER_GLOBAL_ACCENT_COLOR_NAME = AccentColor;
				CODE_SIGN_ENTITLEMENTS = macOS/macOS.entitlements;
				CODE_SIGN_STYLE = Automatic;
				COMBINE_HIDPI_IMAGES = YES;
				CURRENT_PROJECT_VERSION = 1;
				DEVELOPMENT_TEAM = 58479H4BXP;
				ENABLE_HARDENED_RUNTIME = YES;
				ENABLE_PREVIEWS = YES;
				GENERATE_INFOPLIST_FILE = YES;
				INFOPLIST_KEY_NSHumanReadableCopyright = "";
				LD_RUNPATH_SEARCH_PATHS = (
					"$(inherited)",
					"@executable_path/../Frameworks",
				);
				MACOSX_DEPLOYMENT_TARGET = 12.3;
				MARKETING_VERSION = 1.0;
				PRODUCT_BUNDLE_IDENTIFIER = com.horaceho.Orca;
				PRODUCT_NAME = Orca;
				SDKROOT = macosx;
				SWIFT_EMIT_LOC_STRINGS = YES;
				SWIFT_VERSION = 5.0;
			};
			name = Release;
		};
/* End XCBuildConfiguration section */

/* Begin XCConfigurationList section */
		F52B192028B876B800887617 /* Build configuration list for PBXProject "Orca" */ = {
			isa = XCConfigurationList;
			buildConfigurations = (
				F52B193828B876B800887617 /* Debug */,
				F52B193928B876B800887617 /* Release */,
			);
			defaultConfigurationIsVisible = 0;
			defaultConfigurationName = Release;
		};
		F52B193A28B876B800887617 /* Build configuration list for PBXNativeTarget "Orca (iOS)" */ = {
			isa = XCConfigurationList;
			buildConfigurations = (
				F52B193B28B876B800887617 /* Debug */,
				F52B193C28B876B800887617 /* Release */,
			);
			defaultConfigurationIsVisible = 0;
			defaultConfigurationName = Release;
		};
		F52B193D28B876B800887617 /* Build configuration list for PBXNativeTarget "Orca (macOS)" */ = {
			isa = XCConfigurationList;
			buildConfigurations = (
				F52B193E28B876B800887617 /* Debug */,
				F52B193F28B876B800887617 /* Release */,
			);
			defaultConfigurationIsVisible = 0;
			defaultConfigurationName = Release;
		};
/* End XCConfigurationList section */
	};
	rootObject = F52B191D28B876B800887617 /* Project object */;
}
